// !$*UTF8*$!
{
	archiveVersion = 1;
	classes = {
	};
	objectVersion = 56;
	objects = {

/* Begin PBXBuildFile section */
		259668CD2A1330AC009C7C1D /* CollectionViewController.swift in Sources */ = {isa = PBXBuildFile; fileRef = 259668CC2A1330AC009C7C1D /* CollectionViewController.swift */; };
		7A5027B02A2D69A6005AEA6E /* CollectionViewCell.swift in Sources */ = {isa = PBXBuildFile; fileRef = 7A5027AF2A2D69A6005AEA6E /* CollectionViewCell.swift */; };
		7A59203629F8CCD400EA559F /* UIColor.swift in Sources */ = {isa = PBXBuildFile; fileRef = 7A59203529F8CCD400EA559F /* UIColor.swift */; };
		7A59203829FA188200EA559F /* SectionHeaderView.swift in Sources */ = {isa = PBXBuildFile; fileRef = 7A59203729FA188200EA559F /* SectionHeaderView.swift */; };
		7A59203A29FA18C000EA559F /* LineView.swift in Sources */ = {isa = PBXBuildFile; fileRef = 7A59203929FA18C000EA559F /* LineView.swift */; };
		7AA61CBB29F615E7005A2950 /* AppDelegate.swift in Sources */ = {isa = PBXBuildFile; fileRef = 7AA61CBA29F615E7005A2950 /* AppDelegate.swift */; };
		7AA61CBD29F615E7005A2950 /* SceneDelegate.swift in Sources */ = {isa = PBXBuildFile; fileRef = 7AA61CBC29F615E7005A2950 /* SceneDelegate.swift */; };
		7AA61CBF29F615E7005A2950 /* ViewController.swift in Sources */ = {isa = PBXBuildFile; fileRef = 7AA61CBE29F615E7005A2950 /* ViewController.swift */; };
		7AA61CC229F615E7005A2950 /* Main.storyboard in Resources */ = {isa = PBXBuildFile; fileRef = 7AA61CC029F615E7005A2950 /* Main.storyboard */; };
		7AA61CC429F615E9005A2950 /* Assets.xcassets in Resources */ = {isa = PBXBuildFile; fileRef = 7AA61CC329F615E9005A2950 /* Assets.xcassets */; };
		7AA61CC729F615E9005A2950 /* LaunchScreen.storyboard in Resources */ = {isa = PBXBuildFile; fileRef = 7AA61CC529F615E9005A2950 /* LaunchScreen.storyboard */; };
		7AA61CD229F615E9005A2950 /* AppDevV1Tests.swift in Sources */ = {isa = PBXBuildFile; fileRef = 7AA61CD129F615E9005A2950 /* AppDevV1Tests.swift */; };
		7AA61CDC29F615E9005A2950 /* AppDevV1UITests.swift in Sources */ = {isa = PBXBuildFile; fileRef = 7AA61CDB29F615E9005A2950 /* AppDevV1UITests.swift */; };
		7AA61CDE29F615E9005A2950 /* AppDevV1UITestsLaunchTests.swift in Sources */ = {isa = PBXBuildFile; fileRef = 7AA61CDD29F615E9005A2950 /* AppDevV1UITestsLaunchTests.swift */; };
		7AA61D2A29F61F37005A2950 /* FuturesCollectionViewCell.swift in Sources */ = {isa = PBXBuildFile; fileRef = 7AA61D2929F61F37005A2950 /* FuturesCollectionViewCell.swift */; };
		7AA61D2D29F623E3005A2950 /* App.swift in Sources */ = {isa = PBXBuildFile; fileRef = 7AA61D2C29F623E3005A2950 /* App.swift */; };
		7AA61D2F29F62721005A2950 /* Item.swift in Sources */ = {isa = PBXBuildFile; fileRef = 7AA61D2E29F62721005A2950 /* Item.swift */; };
		7AE8FB4929F767D300C9138D /* StoreCategory.swift in Sources */ = {isa = PBXBuildFile; fileRef = 7AE8FB4829F767D300C9138D /* StoreCategory.swift */; };
		7AE8FB4B29F8B21500C9138D /* StandardAppCollectionViewCell.swift in Sources */ = {isa = PBXBuildFile; fileRef = 7AE8FB4A29F8B21500C9138D /* StandardAppCollectionViewCell.swift */; };
/* End PBXBuildFile section */

/* Begin PBXContainerItemProxy section */
		7AA61CCE29F615E9005A2950 /* PBXContainerItemProxy */ = {
			isa = PBXContainerItemProxy;
			containerPortal = 7AA61CAF29F615E7005A2950 /* Project object */;
			proxyType = 1;
			remoteGlobalIDString = 7AA61CB629F615E7005A2950;
			remoteInfo = AppDevV1;
		};
		7AA61CD829F615E9005A2950 /* PBXContainerItemProxy */ = {
			isa = PBXContainerItemProxy;
			containerPortal = 7AA61CAF29F615E7005A2950 /* Project object */;
			proxyType = 1;
			remoteGlobalIDString = 7AA61CB629F615E7005A2950;
			remoteInfo = AppDevV1;
		};
/* End PBXContainerItemProxy section */

/* Begin PBXFileReference section */
		259668CC2A1330AC009C7C1D /* CollectionViewController.swift */ = {isa = PBXFileReference; lastKnownFileType = sourcecode.swift; path = CollectionViewController.swift; sourceTree = "<group>"; };
		7A5027AF2A2D69A6005AEA6E /* CollectionViewCell.swift */ = {isa = PBXFileReference; lastKnownFileType = sourcecode.swift; path = CollectionViewCell.swift; sourceTree = "<group>"; };
		7A59203529F8CCD400EA559F /* UIColor.swift */ = {isa = PBXFileReference; lastKnownFileType = sourcecode.swift; path = UIColor.swift; sourceTree = "<group>"; };
		7A59203729FA188200EA559F /* SectionHeaderView.swift */ = {isa = PBXFileReference; lastKnownFileType = sourcecode.swift; path = SectionHeaderView.swift; sourceTree = "<group>"; };
		7A59203929FA18C000EA559F /* LineView.swift */ = {isa = PBXFileReference; lastKnownFileType = sourcecode.swift; path = LineView.swift; sourceTree = "<group>"; };
		7AA61CB729F615E7005A2950 /* AppDevV1.app */ = {isa = PBXFileReference; explicitFileType = wrapper.application; includeInIndex = 0; path = AppDevV1.app; sourceTree = BUILT_PRODUCTS_DIR; };
		7AA61CBA29F615E7005A2950 /* AppDelegate.swift */ = {isa = PBXFileReference; lastKnownFileType = sourcecode.swift; path = AppDelegate.swift; sourceTree = "<group>"; };
		7AA61CBC29F615E7005A2950 /* SceneDelegate.swift */ = {isa = PBXFileReference; lastKnownFileType = sourcecode.swift; path = SceneDelegate.swift; sourceTree = "<group>"; };
		7AA61CBE29F615E7005A2950 /* ViewController.swift */ = {isa = PBXFileReference; lastKnownFileType = sourcecode.swift; path = ViewController.swift; sourceTree = "<group>"; };
		7AA61CC129F615E7005A2950 /* Base */ = {isa = PBXFileReference; lastKnownFileType = file.storyboard; name = Base; path = Base.lproj/Main.storyboard; sourceTree = "<group>"; };
		7AA61CC329F615E9005A2950 /* Assets.xcassets */ = {isa = PBXFileReference; lastKnownFileType = folder.assetcatalog; path = Assets.xcassets; sourceTree = "<group>"; };
		7AA61CC629F615E9005A2950 /* Base */ = {isa = PBXFileReference; lastKnownFileType = file.storyboard; name = Base; path = Base.lproj/LaunchScreen.storyboard; sourceTree = "<group>"; };
		7AA61CC829F615E9005A2950 /* Info.plist */ = {isa = PBXFileReference; lastKnownFileType = text.plist.xml; path = Info.plist; sourceTree = "<group>"; };
		7AA61CCD29F615E9005A2950 /* AppDevV1Tests.xctest */ = {isa = PBXFileReference; explicitFileType = wrapper.cfbundle; includeInIndex = 0; path = AppDevV1Tests.xctest; sourceTree = BUILT_PRODUCTS_DIR; };
		7AA61CD129F615E9005A2950 /* AppDevV1Tests.swift */ = {isa = PBXFileReference; lastKnownFileType = sourcecode.swift; path = AppDevV1Tests.swift; sourceTree = "<group>"; };
		7AA61CD729F615E9005A2950 /* AppDevV1UITests.xctest */ = {isa = PBXFileReference; explicitFileType = wrapper.cfbundle; includeInIndex = 0; path = AppDevV1UITests.xctest; sourceTree = BUILT_PRODUCTS_DIR; };
		7AA61CDB29F615E9005A2950 /* AppDevV1UITests.swift */ = {isa = PBXFileReference; lastKnownFileType = sourcecode.swift; path = AppDevV1UITests.swift; sourceTree = "<group>"; };
		7AA61CDD29F615E9005A2950 /* AppDevV1UITestsLaunchTests.swift */ = {isa = PBXFileReference; lastKnownFileType = sourcecode.swift; path = AppDevV1UITestsLaunchTests.swift; sourceTree = "<group>"; };
		7AA61D2929F61F37005A2950 /* FuturesCollectionViewCell.swift */ = {isa = PBXFileReference; lastKnownFileType = sourcecode.swift; path = FuturesCollectionViewCell.swift; sourceTree = "<group>"; };
		7AA61D2C29F623E3005A2950 /* App.swift */ = {isa = PBXFileReference; lastKnownFileType = sourcecode.swift; path = App.swift; sourceTree = "<group>"; };
		7AA61D2E29F62721005A2950 /* Item.swift */ = {isa = PBXFileReference; lastKnownFileType = sourcecode.swift; path = Item.swift; sourceTree = "<group>"; };
		7AE8FB4829F767D300C9138D /* StoreCategory.swift */ = {isa = PBXFileReference; lastKnownFileType = sourcecode.swift; path = StoreCategory.swift; sourceTree = "<group>"; };
		7AE8FB4A29F8B21500C9138D /* StandardAppCollectionViewCell.swift */ = {isa = PBXFileReference; lastKnownFileType = sourcecode.swift; path = StandardAppCollectionViewCell.swift; sourceTree = "<group>"; };
/* End PBXFileReference section */

/* Begin PBXFrameworksBuildPhase section */
		7AA61CB429F615E7005A2950 /* Frameworks */ = {
			isa = PBXFrameworksBuildPhase;
			buildActionMask = 2147483647;
			files = (
			);
			runOnlyForDeploymentPostprocessing = 0;
		};
		7AA61CCA29F615E9005A2950 /* Frameworks */ = {
			isa = PBXFrameworksBuildPhase;
			buildActionMask = 2147483647;
			files = (
			);
			runOnlyForDeploymentPostprocessing = 0;
		};
		7AA61CD429F615E9005A2950 /* Frameworks */ = {
			isa = PBXFrameworksBuildPhase;
			buildActionMask = 2147483647;
			files = (
			);
			runOnlyForDeploymentPostprocessing = 0;
		};
/* End PBXFrameworksBuildPhase section */

/* Begin PBXGroup section */
		7AA61CAE29F615E7005A2950 = {
			isa = PBXGroup;
			children = (
				7AA61D2829F61F01005A2950 /* Cells */,
				7AA61D2B29F623BF005A2950 /* Models */,
				7AA61CB929F615E7005A2950 /* AppDevV1 */,
				7AA61CD029F615E9005A2950 /* AppDevV1Tests */,
				7AA61CDA29F615E9005A2950 /* AppDevV1UITests */,
				7AA61CB829F615E7005A2950 /* Products */,
			);
			sourceTree = "<group>";
		};
		7AA61CB829F615E7005A2950 /* Products */ = {
			isa = PBXGroup;
			children = (
				7AA61CB729F615E7005A2950 /* AppDevV1.app */,
				7AA61CCD29F615E9005A2950 /* AppDevV1Tests.xctest */,
				7AA61CD729F615E9005A2950 /* AppDevV1UITests.xctest */,
			);
			name = Products;
			sourceTree = "<group>";
		};
		7AA61CB929F615E7005A2950 /* AppDevV1 */ = {
			isa = PBXGroup;
			children = (
				7A59203729FA188200EA559F /* SectionHeaderView.swift */,
				7A59203929FA18C000EA559F /* LineView.swift */,
				7AA61CBA29F615E7005A2950 /* AppDelegate.swift */,
				7AA61CBC29F615E7005A2950 /* SceneDelegate.swift */,
				7A59203529F8CCD400EA559F /* UIColor.swift */,
				7AA61CBE29F615E7005A2950 /* ViewController.swift */,
				259668CC2A1330AC009C7C1D /* CollectionViewController.swift */,
				7A5027AF2A2D69A6005AEA6E /* CollectionViewCell.swift */,
				7AA61CC029F615E7005A2950 /* Main.storyboard */,
				7AA61CC329F615E9005A2950 /* Assets.xcassets */,
				7AA61CC529F615E9005A2950 /* LaunchScreen.storyboard */,
				7AA61CC829F615E9005A2950 /* Info.plist */,
			);
			path = AppDevV1;
			sourceTree = "<group>";
		};
		7AA61CD029F615E9005A2950 /* AppDevV1Tests */ = {
			isa = PBXGroup;
			children = (
				7AA61CD129F615E9005A2950 /* AppDevV1Tests.swift */,
			);
			path = AppDevV1Tests;
			sourceTree = "<group>";
		};
		7AA61CDA29F615E9005A2950 /* AppDevV1UITests */ = {
			isa = PBXGroup;
			children = (
				7AA61CDB29F615E9005A2950 /* AppDevV1UITests.swift */,
				7AA61CDD29F615E9005A2950 /* AppDevV1UITestsLaunchTests.swift */,
			);
			path = AppDevV1UITests;
			sourceTree = "<group>";
		};
		7AA61D2829F61F01005A2950 /* Cells */ = {
			isa = PBXGroup;
			children = (
				7AA61D2929F61F37005A2950 /* FuturesCollectionViewCell.swift */,
				7AE8FB4A29F8B21500C9138D /* StandardAppCollectionViewCell.swift */,
			);
			path = Cells;
			sourceTree = "<group>";
		};
		7AA61D2B29F623BF005A2950 /* Models */ = {
			isa = PBXGroup;
			children = (
				7AA61D2C29F623E3005A2950 /* App.swift */,
				7AA61D2E29F62721005A2950 /* Item.swift */,
				7AE8FB4829F767D300C9138D /* StoreCategory.swift */,
			);
			path = Models;
			sourceTree = "<group>";
		};
/* End PBXGroup section */

/* Begin PBXNativeTarget section */
		7AA61CB629F615E7005A2950 /* AppDevV1 */ = {
			isa = PBXNativeTarget;
			buildConfigurationList = 7AA61CE129F615E9005A2950 /* Build configuration list for PBXNativeTarget "AppDevV1" */;
			buildPhases = (
				7AA61CB329F615E7005A2950 /* Sources */,
				7AA61CB429F615E7005A2950 /* Frameworks */,
				7AA61CB529F615E7005A2950 /* Resources */,
			);
			buildRules = (
			);
			dependencies = (
			);
			name = AppDevV1;
			productName = AppDevV1;
			productReference = 7AA61CB729F615E7005A2950 /* AppDevV1.app */;
			productType = "com.apple.product-type.application";
		};
		7AA61CCC29F615E9005A2950 /* AppDevV1Tests */ = {
			isa = PBXNativeTarget;
			buildConfigurationList = 7AA61CE429F615E9005A2950 /* Build configuration list for PBXNativeTarget "AppDevV1Tests" */;
			buildPhases = (
				7AA61CC929F615E9005A2950 /* Sources */,
				7AA61CCA29F615E9005A2950 /* Frameworks */,
				7AA61CCB29F615E9005A2950 /* Resources */,
			);
			buildRules = (
			);
			dependencies = (
				7AA61CCF29F615E9005A2950 /* PBXTargetDependency */,
			);
			name = AppDevV1Tests;
			productName = AppDevV1Tests;
			productReference = 7AA61CCD29F615E9005A2950 /* AppDevV1Tests.xctest */;
			productType = "com.apple.product-type.bundle.unit-test";
		};
		7AA61CD629F615E9005A2950 /* AppDevV1UITests */ = {
			isa = PBXNativeTarget;
			buildConfigurationList = 7AA61CE729F615E9005A2950 /* Build configuration list for PBXNativeTarget "AppDevV1UITests" */;
			buildPhases = (
				7AA61CD329F615E9005A2950 /* Sources */,
				7AA61CD429F615E9005A2950 /* Frameworks */,
				7AA61CD529F615E9005A2950 /* Resources */,
			);
			buildRules = (
			);
			dependencies = (
				7AA61CD929F615E9005A2950 /* PBXTargetDependency */,
			);
			name = AppDevV1UITests;
			productName = AppDevV1UITests;
			productReference = 7AA61CD729F615E9005A2950 /* AppDevV1UITests.xctest */;
			productType = "com.apple.product-type.bundle.ui-testing";
		};
/* End PBXNativeTarget section */

/* Begin PBXProject section */
		7AA61CAF29F615E7005A2950 /* Project object */ = {
			isa = PBXProject;
			attributes = {
				BuildIndependentTargetsInParallel = 1;
				LastSwiftUpdateCheck = 1420;
				LastUpgradeCheck = 1420;
				TargetAttributes = {
					7AA61CB629F615E7005A2950 = {
						CreatedOnToolsVersion = 14.2;
					};
					7AA61CCC29F615E9005A2950 = {
						CreatedOnToolsVersion = 14.2;
						TestTargetID = 7AA61CB629F615E7005A2950;
					};
					7AA61CD629F615E9005A2950 = {
						CreatedOnToolsVersion = 14.2;
						TestTargetID = 7AA61CB629F615E7005A2950;
					};
				};
			};
			buildConfigurationList = 7AA61CB229F615E7005A2950 /* Build configuration list for PBXProject "AppDevV1" */;
			compatibilityVersion = "Xcode 14.0";
			developmentRegion = en;
			hasScannedForEncodings = 0;
			knownRegions = (
				en,
				Base,
			);
			mainGroup = 7AA61CAE29F615E7005A2950;
			productRefGroup = 7AA61CB829F615E7005A2950 /* Products */;
			projectDirPath = "";
			projectRoot = "";
			targets = (
				7AA61CB629F615E7005A2950 /* AppDevV1 */,
				7AA61CCC29F615E9005A2950 /* AppDevV1Tests */,
				7AA61CD629F615E9005A2950 /* AppDevV1UITests */,
			);
		};
/* End PBXProject section */

/* Begin PBXResourcesBuildPhase section */
		7AA61CB529F615E7005A2950 /* Resources */ = {
			isa = PBXResourcesBuildPhase;
			buildActionMask = 2147483647;
			files = (
				7AA61CC729F615E9005A2950 /* LaunchScreen.storyboard in Resources */,
				7AA61CC429F615E9005A2950 /* Assets.xcassets in Resources */,
				7AA61CC229F615E7005A2950 /* Main.storyboard in Resources */,
			);
			runOnlyForDeploymentPostprocessing = 0;
		};
		7AA61CCB29F615E9005A2950 /* Resources */ = {
			isa = PBXResourcesBuildPhase;
			buildActionMask = 2147483647;
			files = (
			);
			runOnlyForDeploymentPostprocessing = 0;
		};
		7AA61CD529F615E9005A2950 /* Resources */ = {
			isa = PBXResourcesBuildPhase;
			buildActionMask = 2147483647;
			files = (
			);
			runOnlyForDeploymentPostprocessing = 0;
		};
/* End PBXResourcesBuildPhase section */

/* Begin PBXSourcesBuildPhase section */
		7AA61CB329F615E7005A2950 /* Sources */ = {
			isa = PBXSourcesBuildPhase;
			buildActionMask = 2147483647;
			files = (
				259668CD2A1330AC009C7C1D /* CollectionViewController.swift in Sources */,
				7AA61CBF29F615E7005A2950 /* ViewController.swift in Sources */,
				7AA61CBB29F615E7005A2950 /* AppDelegate.swift in Sources */,
				7AE8FB4929F767D300C9138D /* StoreCategory.swift in Sources */,
				7AA61CBD29F615E7005A2950 /* SceneDelegate.swift in Sources */,
				7A59203629F8CCD400EA559F /* UIColor.swift in Sources */,
				7A59203A29FA18C000EA559F /* LineView.swift in Sources */,
				7AA61D2D29F623E3005A2950 /* App.swift in Sources */,
				7A5027B02A2D69A6005AEA6E /* CollectionViewCell.swift in Sources */,
				7AA61D2F29F62721005A2950 /* Item.swift in Sources */,
				7A59203829FA188200EA559F /* SectionHeaderView.swift in Sources */,
				7AA61D2A29F61F37005A2950 /* FuturesCollectionViewCell.swift in Sources */,
				7AE8FB4B29F8B21500C9138D /* StandardAppCollectionViewCell.swift in Sources */,
			);
			runOnlyForDeploymentPostprocessing = 0;
		};
		7AA61CC929F615E9005A2950 /* Sources */ = {
			isa = PBXSourcesBuildPhase;
			buildActionMask = 2147483647;
			files = (
				7AA61CD229F615E9005A2950 /* AppDevV1Tests.swift in Sources */,
			);
			runOnlyForDeploymentPostprocessing = 0;
		};
		7AA61CD329F615E9005A2950 /* Sources */ = {
			isa = PBXSourcesBuildPhase;
			buildActionMask = 2147483647;
			files = (
				7AA61CDE29F615E9005A2950 /* AppDevV1UITestsLaunchTests.swift in Sources */,
				7AA61CDC29F615E9005A2950 /* AppDevV1UITests.swift in Sources */,
			);
			runOnlyForDeploymentPostprocessing = 0;
		};
/* End PBXSourcesBuildPhase section */

/* Begin PBXTargetDependency section */
		7AA61CCF29F615E9005A2950 /* PBXTargetDependency */ = {
			isa = PBXTargetDependency;
			target = 7AA61CB629F615E7005A2950 /* AppDevV1 */;
			targetProxy = 7AA61CCE29F615E9005A2950 /* PBXContainerItemProxy */;
		};
		7AA61CD929F615E9005A2950 /* PBXTargetDependency */ = {
			isa = PBXTargetDependency;
			target = 7AA61CB629F615E7005A2950 /* AppDevV1 */;
			targetProxy = 7AA61CD829F615E9005A2950 /* PBXContainerItemProxy */;
		};
/* End PBXTargetDependency section */

/* Begin PBXVariantGroup section */
		7AA61CC029F615E7005A2950 /* Main.storyboard */ = {
			isa = PBXVariantGroup;
			children = (
				7AA61CC129F615E7005A2950 /* Base */,
			);
			name = Main.storyboard;
			sourceTree = "<group>";
		};
		7AA61CC529F615E9005A2950 /* LaunchScreen.storyboard */ = {
			isa = PBXVariantGroup;
			children = (
				7AA61CC629F615E9005A2950 /* Base */,
			);
			name = LaunchScreen.storyboard;
			sourceTree = "<group>";
		};
/* End PBXVariantGroup section */

/* Begin XCBuildConfiguration section */
		7AA61CDF29F615E9005A2950 /* Debug */ = {
			isa = XCBuildConfiguration;
			buildSettings = {
				ALWAYS_SEARCH_USER_PATHS = NO;
				CLANG_ANALYZER_NONNULL = YES;
				CLANG_ANALYZER_NUMBER_OBJECT_CONVERSION = YES_AGGRESSIVE;
				CLANG_CXX_LANGUAGE_STANDARD = "gnu++20";
				CLANG_ENABLE_MODULES = YES;
				CLANG_ENABLE_OBJC_ARC = YES;
				CLANG_ENABLE_OBJC_WEAK = YES;
				CLANG_WARN_BLOCK_CAPTURE_AUTORELEASING = YES;
				CLANG_WARN_BOOL_CONVERSION = YES;
				CLANG_WARN_COMMA = YES;
				CLANG_WARN_CONSTANT_CONVERSION = YES;
				CLANG_WARN_DEPRECATED_OBJC_IMPLEMENTATIONS = YES;
				CLANG_WARN_DIRECT_OBJC_ISA_USAGE = YES_ERROR;
				CLANG_WARN_DOCUMENTATION_COMMENTS = YES;
				CLANG_WARN_EMPTY_BODY = YES;
				CLANG_WARN_ENUM_CONVERSION = YES;
				CLANG_WARN_INFINITE_RECURSION = YES;
				CLANG_WARN_INT_CONVERSION = YES;
				CLANG_WARN_NON_LITERAL_NULL_CONVERSION = YES;
				CLANG_WARN_OBJC_IMPLICIT_RETAIN_SELF = YES;
				CLANG_WARN_OBJC_LITERAL_CONVERSION = YES;
				CLANG_WARN_OBJC_ROOT_CLASS = YES_ERROR;
				CLANG_WARN_QUOTED_INCLUDE_IN_FRAMEWORK_HEADER = YES;
				CLANG_WARN_RANGE_LOOP_ANALYSIS = YES;
				CLANG_WARN_STRICT_PROTOTYPES = YES;
				CLANG_WARN_SUSPICIOUS_MOVE = YES;
				CLANG_WARN_UNGUARDED_AVAILABILITY = YES_AGGRESSIVE;
				CLANG_WARN_UNREACHABLE_CODE = YES;
				CLANG_WARN__DUPLICATE_METHOD_MATCH = YES;
				COPY_PHASE_STRIP = NO;
				DEBUG_INFORMATION_FORMAT = dwarf;
				ENABLE_STRICT_OBJC_MSGSEND = YES;
				ENABLE_TESTABILITY = YES;
				GCC_C_LANGUAGE_STANDARD = gnu11;
				GCC_DYNAMIC_NO_PIC = NO;
				GCC_NO_COMMON_BLOCKS = YES;
				GCC_OPTIMIZATION_LEVEL = 0;
				GCC_PREPROCESSOR_DEFINITIONS = (
					"DEBUG=1",
					"$(inherited)",
				);
				GCC_WARN_64_TO_32_BIT_CONVERSION = YES;
				GCC_WARN_ABOUT_RETURN_TYPE = YES_ERROR;
				GCC_WARN_UNDECLARED_SELECTOR = YES;
				GCC_WARN_UNINITIALIZED_AUTOS = YES_AGGRESSIVE;
				GCC_WARN_UNUSED_FUNCTION = YES;
				GCC_WARN_UNUSED_VARIABLE = YES;
				IPHONEOS_DEPLOYMENT_TARGET = 16.2;
				MTL_ENABLE_DEBUG_INFO = INCLUDE_SOURCE;
				MTL_FAST_MATH = YES;
				ONLY_ACTIVE_ARCH = YES;
				SDKROOT = iphoneos;
				SWIFT_ACTIVE_COMPILATION_CONDITIONS = DEBUG;
				SWIFT_OPTIMIZATION_LEVEL = "-Onone";
			};
			name = Debug;
		};
		7AA61CE029F615E9005A2950 /* Release */ = {
			isa = XCBuildConfiguration;
			buildSettings = {
				ALWAYS_SEARCH_USER_PATHS = NO;
				CLANG_ANALYZER_NONNULL = YES;
				CLANG_ANALYZER_NUMBER_OBJECT_CONVERSION = YES_AGGRESSIVE;
				CLANG_CXX_LANGUAGE_STANDARD = "gnu++20";
				CLANG_ENABLE_MODULES = YES;
				CLANG_ENABLE_OBJC_ARC = YES;
				CLANG_ENABLE_OBJC_WEAK = YES;
				CLANG_WARN_BLOCK_CAPTURE_AUTORELEASING = YES;
				CLANG_WARN_BOOL_CONVERSION = YES;
				CLANG_WARN_COMMA = YES;
				CLANG_WARN_CONSTANT_CONVERSION = YES;
				CLANG_WARN_DEPRECATED_OBJC_IMPLEMENTATIONS = YES;
				CLANG_WARN_DIRECT_OBJC_ISA_USAGE = YES_ERROR;
				CLANG_WARN_DOCUMENTATION_COMMENTS = YES;
				CLANG_WARN_EMPTY_BODY = YES;
				CLANG_WARN_ENUM_CONVERSION = YES;
				CLANG_WARN_INFINITE_RECURSION = YES;
				CLANG_WARN_INT_CONVERSION = YES;
				CLANG_WARN_NON_LITERAL_NULL_CONVERSION = YES;
				CLANG_WARN_OBJC_IMPLICIT_RETAIN_SELF = YES;
				CLANG_WARN_OBJC_LITERAL_CONVERSION = YES;
				CLANG_WARN_OBJC_ROOT_CLASS = YES_ERROR;
				CLANG_WARN_QUOTED_INCLUDE_IN_FRAMEWORK_HEADER = YES;
				CLANG_WARN_RANGE_LOOP_ANALYSIS = YES;
				CLANG_WARN_STRICT_PROTOTYPES = YES;
				CLANG_WARN_SUSPICIOUS_MOVE = YES;
				CLANG_WARN_UNGUARDED_AVAILABILITY = YES_AGGRESSIVE;
				CLANG_WARN_UNREACHABLE_CODE = YES;
				CLANG_WARN__DUPLICATE_METHOD_MATCH = YES;
				COPY_PHASE_STRIP = NO;
				DEBUG_INFORMATION_FORMAT = "dwarf-with-dsym";
				ENABLE_NS_ASSERTIONS = NO;
				ENABLE_STRICT_OBJC_MSGSEND = YES;
				GCC_C_LANGUAGE_STANDARD = gnu11;
				GCC_NO_COMMON_BLOCKS = YES;
				GCC_WARN_64_TO_32_BIT_CONVERSION = YES;
				GCC_WARN_ABOUT_RETURN_TYPE = YES_ERROR;
				GCC_WARN_UNDECLARED_SELECTOR = YES;
				GCC_WARN_UNINITIALIZED_AUTOS = YES_AGGRESSIVE;
				GCC_WARN_UNUSED_FUNCTION = YES;
				GCC_WARN_UNUSED_VARIABLE = YES;
				IPHONEOS_DEPLOYMENT_TARGET = 16.2;
				MTL_ENABLE_DEBUG_INFO = NO;
				MTL_FAST_MATH = YES;
				SDKROOT = iphoneos;
				SWIFT_COMPILATION_MODE = wholemodule;
				SWIFT_OPTIMIZATION_LEVEL = "-O";
				VALIDATE_PRODUCT = YES;
			};
			name = Release;
		};
		7AA61CE229F615E9005A2950 /* Debug */ = {
			isa = XCBuildConfiguration;
			buildSettings = {
				ASSETCATALOG_COMPILER_APPICON_NAME = AppIcon;
				ASSETCATALOG_COMPILER_GLOBAL_ACCENT_COLOR_NAME = AccentColor;
				CODE_SIGN_STYLE = Automatic;
				CURRENT_PROJECT_VERSION = 1;
				DEVELOPMENT_TEAM = 2AUP4R72X5;
				GENERATE_INFOPLIST_FILE = YES;
				INFOPLIST_FILE = AppDevV1/Info.plist;
				INFOPLIST_KEY_UIApplicationSupportsIndirectInputEvents = YES;
				INFOPLIST_KEY_UILaunchStoryboardName = LaunchScreen;
				INFOPLIST_KEY_UIMainStoryboardFile = Main;
				INFOPLIST_KEY_UISupportedInterfaceOrientations_iPad = "UIInterfaceOrientationPortrait UIInterfaceOrientationPortraitUpsideDown UIInterfaceOrientationLandscapeLeft UIInterfaceOrientationLandscapeRight";
				INFOPLIST_KEY_UISupportedInterfaceOrientations_iPhone = "UIInterfaceOrientationPortrait UIInterfaceOrientationLandscapeLeft UIInterfaceOrientationLandscapeRight";
				LD_RUNPATH_SEARCH_PATHS = (
					"$(inherited)",
					"@executable_path/Frameworks",
				);
				MARKETING_VERSION = 1.0;
				PRODUCT_BUNDLE_IDENTIFIER = com.LOOT.AppDevV1;
				PRODUCT_NAME = "$(TARGET_NAME)";
				SWIFT_EMIT_LOC_STRINGS = YES;
				SWIFT_VERSION = 5.0;
				TARGETED_DEVICE_FAMILY = "1,2";
			};
			name = Debug;
		};
		7AA61CE329F615E9005A2950 /* Release */ = {
			isa = XCBuildConfiguration;
			buildSettings = {
				ASSETCATALOG_COMPILER_APPICON_NAME = AppIcon;
				ASSETCATALOG_COMPILER_GLOBAL_ACCENT_COLOR_NAME = AccentColor;
				CODE_SIGN_STYLE = Automatic;
				CURRENT_PROJECT_VERSION = 1;
				DEVELOPMENT_TEAM = 2AUP4R72X5;
				GENERATE_INFOPLIST_FILE = YES;
				INFOPLIST_FILE = AppDevV1/Info.plist;
				INFOPLIST_KEY_UIApplicationSupportsIndirectInputEvents = YES;
				INFOPLIST_KEY_UILaunchStoryboardName = LaunchScreen;
				INFOPLIST_KEY_UIMainStoryboardFile = Main;
				INFOPLIST_KEY_UISupportedInterfaceOrientations_iPad = "UIInterfaceOrientationPortrait UIInterfaceOrientationPortraitUpsideDown UIInterfaceOrientationLandscapeLeft UIInterfaceOrientationLandscapeRight";
				INFOPLIST_KEY_UISupportedInterfaceOrientations_iPhone = "UIInterfaceOrientationPortrait UIInterfaceOrientationLandscapeLeft UIInterfaceOrientationLandscapeRight";
				LD_RUNPATH_SEARCH_PATHS = (
					"$(inherited)",
					"@executable_path/Frameworks",
				);
				MARKETING_VERSION = 1.0;
				PRODUCT_BUNDLE_IDENTIFIER = com.LOOT.AppDevV1;
				PRODUCT_NAME = "$(TARGET_NAME)";
				SWIFT_EMIT_LOC_STRINGS = YES;
				SWIFT_VERSION = 5.0;
				TARGETED_DEVICE_FAMILY = "1,2";
			};
			name = Release;
		};
		7AA61CE529F615E9005A2950 /* Debug */ = {
			isa = XCBuildConfiguration;
			buildSettings = {
				ALWAYS_EMBED_SWIFT_STANDARD_LIBRARIES = YES;
				BUNDLE_LOADER = "$(TEST_HOST)";
				CODE_SIGN_STYLE = Automatic;
				CURRENT_PROJECT_VERSION = 1;
				DEVELOPMENT_TEAM = 2AUP4R72X5;
				GENERATE_INFOPLIST_FILE = YES;
				IPHONEOS_DEPLOYMENT_TARGET = 16.2;
				MARKETING_VERSION = 1.0;
				PRODUCT_BUNDLE_IDENTIFIER = com.LOOT.AppDevV1Tests;
				PRODUCT_NAME = "$(TARGET_NAME)";
				SWIFT_EMIT_LOC_STRINGS = NO;
				SWIFT_VERSION = 5.0;
				TARGETED_DEVICE_FAMILY = "1,2";
				TEST_HOST = "$(BUILT_PRODUCTS_DIR)/AppDevV1.app/$(BUNDLE_EXECUTABLE_FOLDER_PATH)/AppDevV1";
			};
			name = Debug;
		};
		7AA61CE629F615E9005A2950 /* Release */ = {
			isa = XCBuildConfiguration;
			buildSettings = {
				ALWAYS_EMBED_SWIFT_STANDARD_LIBRARIES = YES;
				BUNDLE_LOADER = "$(TEST_HOST)";
				CODE_SIGN_STYLE = Automatic;
				CURRENT_PROJECT_VERSION = 1;
				DEVELOPMENT_TEAM = 2AUP4R72X5;
				GENERATE_INFOPLIST_FILE = YES;
				IPHONEOS_DEPLOYMENT_TARGET = 16.2;
				MARKETING_VERSION = 1.0;
				PRODUCT_BUNDLE_IDENTIFIER = com.LOOT.AppDevV1Tests;
				PRODUCT_NAME = "$(TARGET_NAME)";
				SWIFT_EMIT_LOC_STRINGS = NO;
				SWIFT_VERSION = 5.0;
				TARGETED_DEVICE_FAMILY = "1,2";
				TEST_HOST = "$(BUILT_PRODUCTS_DIR)/AppDevV1.app/$(BUNDLE_EXECUTABLE_FOLDER_PATH)/AppDevV1";
			};
			name = Release;
		};
		7AA61CE829F615E9005A2950 /* Debug */ = {
			isa = XCBuildConfiguration;
			buildSettings = {
				ALWAYS_EMBED_SWIFT_STANDARD_LIBRARIES = YES;
				CODE_SIGN_STYLE = Automatic;
				CURRENT_PROJECT_VERSION = 1;
				DEVELOPMENT_TEAM = 2AUP4R72X5;
				GENERATE_INFOPLIST_FILE = YES;
				MARKETING_VERSION = 1.0;
				PRODUCT_BUNDLE_IDENTIFIER = com.LOOT.AppDevV1UITests;
				PRODUCT_NAME = "$(TARGET_NAME)";
				SWIFT_EMIT_LOC_STRINGS = NO;
				SWIFT_VERSION = 5.0;
				TARGETED_DEVICE_FAMILY = "1,2";
				TEST_TARGET_NAME = AppDevV1;
			};
			name = Debug;
		};
		7AA61CE929F615E9005A2950 /* Release */ = {
			isa = XCBuildConfiguration;
			buildSettings = {
				ALWAYS_EMBED_SWIFT_STANDARD_LIBRARIES = YES;
				CODE_SIGN_STYLE = Automatic;
				CURRENT_PROJECT_VERSION = 1;
				DEVELOPMENT_TEAM = 2AUP4R72X5;
				GENERATE_INFOPLIST_FILE = YES;
				MARKETING_VERSION = 1.0;
				PRODUCT_BUNDLE_IDENTIFIER = com.LOOT.AppDevV1UITests;
				PRODUCT_NAME = "$(TARGET_NAME)";
				SWIFT_EMIT_LOC_STRINGS = NO;
				SWIFT_VERSION = 5.0;
				TARGETED_DEVICE_FAMILY = "1,2";
				TEST_TARGET_NAME = AppDevV1;
			};
			name = Release;
		};
/* End XCBuildConfiguration section */

/* Begin XCConfigurationList section */
		7AA61CB229F615E7005A2950 /* Build configuration list for PBXProject "AppDevV1" */ = {
			isa = XCConfigurationList;
			buildConfigurations = (
				7AA61CDF29F615E9005A2950 /* Debug */,
				7AA61CE029F615E9005A2950 /* Release */,
			);
			defaultConfigurationIsVisible = 0;
			defaultConfigurationName = Release;
		};
		7AA61CE129F615E9005A2950 /* Build configuration list for PBXNativeTarget "AppDevV1" */ = {
			isa = XCConfigurationList;
			buildConfigurations = (
				7AA61CE229F615E9005A2950 /* Debug */,
				7AA61CE329F615E9005A2950 /* Release */,
			);
			defaultConfigurationIsVisible = 0;
			defaultConfigurationName = Release;
		};
		7AA61CE429F615E9005A2950 /* Build configuration list for PBXNativeTarget "AppDevV1Tests" */ = {
			isa = XCConfigurationList;
			buildConfigurations = (
				7AA61CE529F615E9005A2950 /* Debug */,
				7AA61CE629F615E9005A2950 /* Release */,
			);
			defaultConfigurationIsVisible = 0;
			defaultConfigurationName = Release;
		};
		7AA61CE729F615E9005A2950 /* Build configuration list for PBXNativeTarget "AppDevV1UITests" */ = {
			isa = XCConfigurationList;
			buildConfigurations = (
				7AA61CE829F615E9005A2950 /* Debug */,
				7AA61CE929F615E9005A2950 /* Release */,
			);
			defaultConfigurationIsVisible = 0;
			defaultConfigurationName = Release;
		};
/* End XCConfigurationList section */
	};
	rootObject = 7AA61CAF29F615E7005A2950 /* Project object */;
}
